
Microsoft Visual Studio Solution File, Format Version 12.00
# Visual Studio Version 17
VisualStudioVersion = 17.4.33213.308
MinimumVisualStudioVersion = 10.0.40219.1
Project("{FAE04EC0-301F-11D3-BF4B-00C04F79EFBC}") = "Cars-9d", "Cars-9d.csproj", "{26EC8D5E-183C-4FD7-8AFA-2486EBA7BDA2}"
EndProject
Global
	GlobalSection(SolutionConfigurationPlatforms) = preSolution
		Debug|Any CPU = Debug|Any CPU
		Release|Any CPU = Release|Any CPU
	EndGlobalSection
	GlobalSection(ProjectConfigurationPlatforms) = postSolution
		{26EC8D5E-183C-4FD7-8AFA-2486EBA7BDA2}.Debug|Any CPU.ActiveCfg = Debug|Any CPU
		{26EC8D5E-183C-4FD7-8AFA-2486EBA7BDA2}.Debug|Any CPU.Build.0 = Debug|Any CPU
		{26EC8D5E-183C-4FD7-8AFA-2486EBA7BDA2}.Release|Any CPU.ActiveCfg = Release|Any CPU
		{26EC8D5E-183C-4FD7-8AFA-2486EBA7BDA2}.Release|Any CPU.Build.0 = Release|Any CPU
	EndGlobalSection
	GlobalSection(SolutionProperties) = preSolution
		HideSolutionNode = FALSE
	EndGlobalSection
	GlobalSection(ExtensibilityGlobals) = postSolution
		SolutionGuid = {873EE68D-12BB-4F98-B5E8-FBCFD20514E7}
	EndGlobalSection
EndGlobal
